
Microsoft Visual Studio Solution File, Format Version 12.00
# Visual Studio 15
VisualStudioVersion = 15.0.27703.2047
MinimumVisualStudioVersion = 10.0.40219.1
Project("{FAE04EC0-301F-11D3-BF4B-00C04F79EFBC}") = "XunitTest", "XunitTest\XunitTest.csproj", "{F832685B-0009-497D-9C11-491E83FDBE11}"
EndProject
Global
	GlobalSection(SolutionConfigurationPlatforms) = preSolution
		Debug|Any CPU = Debug|Any CPU
		Release|Any CPU = Release|Any CPU
	EndGlobalSection
	GlobalSection(ProjectConfigurationPlatforms) = postSolution
		{F832685B-0009-497D-9C11-491E83FDBE11}.Debug|Any CPU.ActiveCfg = Debug|Any CPU
		{F832685B-0009-497D-9C11-491E83FDBE11}.Debug|Any CPU.Build.0 = Debug|Any CPU
		{F832685B-0009-497D-9C11-491E83FDBE11}.Release|Any CPU.ActiveCfg = Release|Any CPU
		{F832685B-0009-497D-9C11-491E83FDBE11}.Release|Any CPU.Build.0 = Release|Any CPU
	EndGlobalSection
	GlobalSection(SolutionProperties) = preSolution
		HideSolutionNode = FALSE
	EndGlobalSection
	GlobalSection(ExtensibilityGlobals) = postSolution
		SolutionGuid = {355A44D1-7635-49CA-9A42-A20BD2C0F153}
	EndGlobalSection
EndGlobal
